
Microsoft Visual Studio Solution File, Format Version 12.00
# Visual Studio Version 17
VisualStudioVersion = 17.13.35913.81 d17.13
MinimumVisualStudioVersion = 10.0.40219.1
Project("{FAE04EC0-301F-11D3-BF4B-00C04F79EFBC}") = "BindToSwallowsExceptions", "BindToSwallowsExceptions.csproj", "{0F194579-F59C-435D-B361-072F26CEF516}"
EndProject
Global
	GlobalSection(SolutionConfigurationPlatforms) = preSolution
		Debug|Any CPU = Debug|Any CPU
		Release|Any CPU = Release|Any CPU
	EndGlobalSection
	GlobalSection(ProjectConfigurationPlatforms) = postSolution
		{0F194579-F59C-435D-B361-072F26CEF516}.Debug|Any CPU.ActiveCfg = Debug|Any CPU
		{0F194579-F59C-435D-B361-072F26CEF516}.Debug|Any CPU.Build.0 = Debug|Any CPU
		{0F194579-F59C-435D-B361-072F26CEF516}.Release|Any CPU.ActiveCfg = Release|Any CPU
		{0F194579-F59C-435D-B361-072F26CEF516}.Release|Any CPU.Build.0 = Release|Any CPU
	EndGlobalSection
	GlobalSection(SolutionProperties) = preSolution
		HideSolutionNode = FALSE
	EndGlobalSection
	GlobalSection(ExtensibilityGlobals) = postSolution
		SolutionGuid = {81ADB1B7-9C70-4743-95FB-9FFC221C1070}
	EndGlobalSection
EndGlobal
